
Microsoft Visual Studio Solution File, Format Version 12.00
# Visual Studio 2013
VisualStudioVersion = 12.0.21005.1
MinimumVisualStudioVersion = 10.0.40219.1
Project("{FAE04EC0-301F-11D3-BF4B-00C04F79EFBC}") = "Guillotine.Domain", "Guillotine.Domain\Guillotine.Domain.csproj", "{83099C91-A30E-4BFE-BB70-B06691D7BB47}"
EndProject
Project("{FAE04EC0-301F-11D3-BF4B-00C04F79EFBC}") = "Guillotine.Tests", "Guillotine.Tests\Guillotine.Tests.csproj", "{80625EED-34BD-40C2-BD33-E266492B10B3}"
EndProject
Global
	GlobalSection(SolutionConfigurationPlatforms) = preSolution
		Debug|Any CPU = Debug|Any CPU
		Release|Any CPU = Release|Any CPU
	EndGlobalSection
	GlobalSection(ProjectConfigurationPlatforms) = postSolution
		{83099C91-A30E-4BFE-BB70-B06691D7BB47}.Debug|Any CPU.ActiveCfg = Debug|Any CPU
		{83099C91-A30E-4BFE-BB70-B06691D7BB47}.Debug|Any CPU.Build.0 = Debug|Any CPU
		{83099C91-A30E-4BFE-BB70-B06691D7BB47}.Release|Any CPU.ActiveCfg = Release|Any CPU
		{83099C91-A30E-4BFE-BB70-B06691D7BB47}.Release|Any CPU.Build.0 = Release|Any CPU
		{80625EED-34BD-40C2-BD33-E266492B10B3}.Debug|Any CPU.ActiveCfg = Debug|Any CPU
		{80625EED-34BD-40C2-BD33-E266492B10B3}.Debug|Any CPU.Build.0 = Debug|Any CPU
		{80625EED-34BD-40C2-BD33-E266492B10B3}.Release|Any CPU.ActiveCfg = Release|Any CPU
		{80625EED-34BD-40C2-BD33-E266492B10B3}.Release|Any CPU.Build.0 = Release|Any CPU
	EndGlobalSection
	GlobalSection(SolutionProperties) = preSolution
		HideSolutionNode = FALSE
	EndGlobalSection
EndGlobal
